PODS:
  - NDLog (0.0.4)
  - NDUtils (0.0.4):
    - NDUtils/Core (= 0.0.4)
  - NDUtils/Core (0.0.4)
  - NDUtils/Foundation (0.0.4):
    - NDLog (~> 0.0.4)
    - NDUtils/Core
  - NDUtils/objc (0.0.4):
    - NDLog (~> 0.0.4)
    - NDUtils/Core
  - NDUtils/QuartzCore (0.0.4):
    - NDUtils/Core
    - NDUtils/objc
  - NDUtils/UIKit (0.0.4):
    - NDLog (~> 0.0.4)
    - NDUtils/objc
    - NDUtils/QuartzCore

DEPENDENCIES:
  - NDLog (from `../NDLog`)
  - NDUtils (from `../NDUtils`)
  - NDUtils/Foundation (from `../NDUtils`)
  - NDUtils/QuartzCore (from `../NDUtils`)
  - NDUtils/UIKit (from `../NDUtils`)

EXTERNAL SOURCES:
  NDLog:
    :path: "../NDLog"
  NDUtils:
    :path: "../NDUtils"

SPEC CHECKSUMS:
  NDLog: f84c4c42520a954db34fa487d88a9bcc2ee0100b
  NDUtils: 10da2be60236409faaab6b59582d8b92b7e4358f

PODFILE CHECKSUM: b5a210871fbad2bd8dd6f866e079c6e675eaea37

COCOAPODS: 1.9.1
